
Microsoft Visual Studio Solution File, Format Version 12.00
# Visual Studio Version 17
VisualStudioVersion = 17.0.31903.59
MinimumVisualStudioVersion = 10.0.40219.1
Project("{FAE04EC0-301F-11D3-BF4B-00C04F79EFBC}") = "ProductAPI.Domain", "ProductAPI.Domain\ProductAPI.Domain.csproj", "{8FD0A629-FF76-474B-AF8E-659A9784DF9B}"
EndProject
Project("{FAE04EC0-301F-11D3-BF4B-00C04F79EFBC}") = "ProductAPI.DataAccess", "ProductAPI.DataAccess\ProductAPI.DataAccess.csproj", "{07314E35-ADDF-43AE-9E41-889E08D7A57C}"
EndProject
Project("{FAE04EC0-301F-11D3-BF4B-00C04F79EFBC}") = "ProductAPI.Business", "ProductAPI.Business\ProductAPI.Business.csproj", "{42327874-DEBB-4FA4-85E2-D45DC737891F}"
EndProject
Project("{FAE04EC0-301F-11D3-BF4B-00C04F79EFBC}") = "ProductAPI.WebAPI", "ProductAPI.WebAPI\ProductAPI.WebAPI.csproj", "{70EF89A3-05A6-4D7A-93E5-C9A7BE9397D7}"
EndProject
Global
	GlobalSection(SolutionConfigurationPlatforms) = preSolution
		Debug|Any CPU = Debug|Any CPU
		Debug|x64 = Debug|x64
		Debug|x86 = Debug|x86
		Release|Any CPU = Release|Any CPU
		Release|x64 = Release|x64
		Release|x86 = Release|x86
	EndGlobalSection
	GlobalSection(ProjectConfigurationPlatforms) = postSolution
		{8FD0A629-FF76-474B-AF8E-659A9784DF9B}.Debug|Any CPU.ActiveCfg = Debug|Any CPU
		{8FD0A629-FF76-474B-AF8E-659A9784DF9B}.Debug|Any CPU.Build.0 = Debug|Any CPU
		{8FD0A629-FF76-474B-AF8E-659A9784DF9B}.Debug|x64.ActiveCfg = Debug|Any CPU
		{8FD0A629-FF76-474B-AF8E-659A9784DF9B}.Debug|x64.Build.0 = Debug|Any CPU
		{8FD0A629-FF76-474B-AF8E-659A9784DF9B}.Debug|x86.ActiveCfg = Debug|Any CPU
		{8FD0A629-FF76-474B-AF8E-659A9784DF9B}.Debug|x86.Build.0 = Debug|Any CPU
		{8FD0A629-FF76-474B-AF8E-659A9784DF9B}.Release|Any CPU.ActiveCfg = Release|Any CPU
		{8FD0A629-FF76-474B-AF8E-659A9784DF9B}.Release|Any CPU.Build.0 = Release|Any CPU
		{8FD0A629-FF76-474B-AF8E-659A9784DF9B}.Release|x64.ActiveCfg = Release|Any CPU
		{8FD0A629-FF76-474B-AF8E-659A9784DF9B}.Release|x64.Build.0 = Release|Any CPU
		{8FD0A629-FF76-474B-AF8E-659A9784DF9B}.Release|x86.ActiveCfg = Release|Any CPU
		{8FD0A629-FF76-474B-AF8E-659A9784DF9B}.Release|x86.Build.0 = Release|Any CPU
		{07314E35-ADDF-43AE-9E41-889E08D7A57C}.Debug|Any CPU.ActiveCfg = Debug|Any CPU
		{07314E35-ADDF-43AE-9E41-889E08D7A57C}.Debug|Any CPU.Build.0 = Debug|Any CPU
		{07314E35-ADDF-43AE-9E41-889E08D7A57C}.Debug|x64.ActiveCfg = Debug|Any CPU
		{07314E35-ADDF-43AE-9E41-889E08D7A57C}.Debug|x64.Build.0 = Debug|Any CPU
		{07314E35-ADDF-43AE-9E41-889E08D7A57C}.Debug|x86.ActiveCfg = Debug|Any CPU
		{07314E35-ADDF-43AE-9E41-889E08D7A57C}.Debug|x86.Build.0 = Debug|Any CPU
		{07314E35-ADDF-43AE-9E41-889E08D7A57C}.Release|Any CPU.ActiveCfg = Release|Any CPU
		{07314E35-ADDF-43AE-9E41-889E08D7A57C}.Release|Any CPU.Build.0 = Release|Any CPU
		{07314E35-ADDF-43AE-9E41-889E08D7A57C}.Release|x64.ActiveCfg = Release|Any CPU
		{07314E35-ADDF-43AE-9E41-889E08D7A57C}.Release|x64.Build.0 = Release|Any CPU
		{07314E35-ADDF-43AE-9E41-889E08D7A57C}.Release|x86.ActiveCfg = Release|Any CPU
		{07314E35-ADDF-43AE-9E41-889E08D7A57C}.Release|x86.Build.0 = Release|Any CPU
		{42327874-DEBB-4FA4-85E2-D45DC737891F}.Debug|Any CPU.ActiveCfg = Debug|Any CPU
		{42327874-DEBB-4FA4-85E2-D45DC737891F}.Debug|Any CPU.Build.0 = Debug|Any CPU
		{42327874-DEBB-4FA4-85E2-D45DC737891F}.Debug|x64.ActiveCfg = Debug|Any CPU
		{42327874-DEBB-4FA4-85E2-D45DC737891F}.Debug|x64.Build.0 = Debug|Any CPU
		{42327874-DEBB-4FA4-85E2-D45DC737891F}.Debug|x86.ActiveCfg = Debug|Any CPU
		{42327874-DEBB-4FA4-85E2-D45DC737891F}.Debug|x86.Build.0 = Debug|Any CPU
		{42327874-DEBB-4FA4-85E2-D45DC737891F}.Release|Any CPU.ActiveCfg = Release|Any CPU
		{42327874-DEBB-4FA4-85E2-D45DC737891F}.Release|Any CPU.Build.0 = Release|Any CPU
		{42327874-DEBB-4FA4-85E2-D45DC737891F}.Release|x64.ActiveCfg = Release|Any CPU
		{42327874-DEBB-4FA4-85E2-D45DC737891F}.Release|x64.Build.0 = Release|Any CPU
		{42327874-DEBB-4FA4-85E2-D45DC737891F}.Release|x86.ActiveCfg = Release|Any CPU
		{42327874-DEBB-4FA4-85E2-D45DC737891F}.Release|x86.Build.0 = Release|Any CPU
		{70EF89A3-05A6-4D7A-93E5-C9A7BE9397D7}.Debug|Any CPU.ActiveCfg = Debug|Any CPU
		{70EF89A3-05A6-4D7A-93E5-C9A7BE9397D7}.Debug|Any CPU.Build.0 = Debug|Any CPU
		{70EF89A3-05A6-4D7A-93E5-C9A7BE9397D7}.Debug|x64.ActiveCfg = Debug|Any CPU
		{70EF89A3-05A6-4D7A-93E5-C9A7BE9397D7}.Debug|x64.Build.0 = Debug|Any CPU
		{70EF89A3-05A6-4D7A-93E5-C9A7BE9397D7}.Debug|x86.ActiveCfg = Debug|Any CPU
		{70EF89A3-05A6-4D7A-93E5-C9A7BE9397D7}.Debug|x86.Build.0 = Debug|Any CPU
		{70EF89A3-05A6-4D7A-93E5-C9A7BE9397D7}.Release|Any CPU.ActiveCfg = Release|Any CPU
		{70EF89A3-05A6-4D7A-93E5-C9A7BE9397D7}.Release|Any CPU.Build.0 = Release|Any CPU
		{70EF89A3-05A6-4D7A-93E5-C9A7BE9397D7}.Release|x64.ActiveCfg = Release|Any CPU
		{70EF89A3-05A6-4D7A-93E5-C9A7BE9397D7}.Release|x64.Build.0 = Release|Any CPU
		{70EF89A3-05A6-4D7A-93E5-C9A7BE9397D7}.Release|x86.ActiveCfg = Release|Any CPU
		{70EF89A3-05A6-4D7A-93E5-C9A7BE9397D7}.Release|x86.Build.0 = Release|Any CPU
	EndGlobalSection
	GlobalSection(SolutionProperties) = preSolution
		HideSolutionNode = FALSE
	EndGlobalSection
EndGlobal
